
Microsoft Visual Studio Solution File, Format Version 12.00
# Visual Studio Version 17
VisualStudioVersion = 17.10.34928.147
MinimumVisualStudioVersion = 10.0.40219.1
Project("{FAE04EC0-301F-11D3-BF4B-00C04F79EFBC}") = "SAE24", "SAE24.csproj", "{BD66D131-3701-4A3E-9197-27DAD5B98EB1}"
EndProject
Global
	GlobalSection(SolutionConfigurationPlatforms) = preSolution
		Debug|Any CPU = Debug|Any CPU
		Release|Any CPU = Release|Any CPU
	EndGlobalSection
	GlobalSection(ProjectConfigurationPlatforms) = postSolution
		{BD66D131-3701-4A3E-9197-27DAD5B98EB1}.Debug|Any CPU.ActiveCfg = Debug|Any CPU
		{BD66D131-3701-4A3E-9197-27DAD5B98EB1}.Debug|Any CPU.Build.0 = Debug|Any CPU
		{BD66D131-3701-4A3E-9197-27DAD5B98EB1}.Release|Any CPU.ActiveCfg = Release|Any CPU
		{BD66D131-3701-4A3E-9197-27DAD5B98EB1}.Release|Any CPU.Build.0 = Release|Any CPU
	EndGlobalSection
	GlobalSection(SolutionProperties) = preSolution
		HideSolutionNode = FALSE
	EndGlobalSection
	GlobalSection(ExtensibilityGlobals) = postSolution
		SolutionGuid = {473BA1F3-E1AB-431A-A027-D1B433440A07}
	EndGlobalSection
EndGlobal
